
Microsoft Visual Studio Solution File, Format Version 12.00
# Visual Studio Version 17
VisualStudioVersion = 17.14.37516.0 d17.14
MinimumVisualStudioVersion = 10.0.40219.1
Project("{FAE04EC0-301F-11D3-BF4B-00C04F79EFBC}") = "AiChat", "AiChat\AiChat.csproj", "{91538EDE-0536-4C0F-BD1D-72518B7B6A03}"
EndProject
Global
	GlobalSection(SolutionConfigurationPlatforms) = preSolution
		Debug|Any CPU = Debug|Any CPU
		Release|Any CPU = Release|Any CPU
	EndGlobalSection
	GlobalSection(ProjectConfigurationPlatforms) = postSolution
		{91538EDE-0536-4C0F-BD1D-72518B7B6A03}.Debug|Any CPU.ActiveCfg = Debug|Any CPU
		{91538EDE-0536-4C0F-BD1D-72518B7B6A03}.Debug|Any CPU.Build.0 = Debug|Any CPU
		{91538EDE-0536-4C0F-BD1D-72518B7B6A03}.Release|Any CPU.ActiveCfg = Release|Any CPU
		{91538EDE-0536-4C0F-BD1D-72518B7B6A03}.Release|Any CPU.Build.0 = Release|Any CPU
	EndGlobalSection
	GlobalSection(SolutionProperties) = preSolution
		HideSolutionNode = FALSE
	EndGlobalSection
	GlobalSection(ExtensibilityGlobals) = postSolution
		SolutionGuid = {4FB12BB5-DB9C-49FD-9405-54C498485D9D}
	EndGlobalSection
EndGlobal
